// !$*UTF8*$!
{
	archiveVersion = 1;
	classes = {
	};
	objectVersion = 46;
	objects = {

/* Begin PBXBuildFile section */
		68A4F63E1978E73F00F2D280 /* Foundation.framework in Frameworks */ = {isa = PBXBuildFile; fileRef = 68A4F63D1978E73F00F2D280 /* Foundation.framework */; };
		68A4F6401978E73F00F2D280 /* CoreGraphics.framework in Frameworks */ = {isa = PBXBuildFile; fileRef = 68A4F63F1978E73F00F2D280 /* CoreGraphics.framework */; };
		68A4F6421978E73F00F2D280 /* UIKit.framework in Frameworks */ = {isa = PBXBuildFile; fileRef = 68A4F6411978E73F00F2D280 /* UIKit.framework */; };
		68A4F6481978E73F00F2D280 /* InfoPlist.strings in Resources */ = {isa = PBXBuildFile; fileRef = 68A4F6461978E73F00F2D280 /* InfoPlist.strings */; };
		68A4F64A1978E73F00F2D280 /* main.m in Sources */ = {isa = PBXBuildFile; fileRef = 68A4F6491978E73F00F2D280 /* main.m */; };
		68A4F64E1978E73F00F2D280 /* AppDelegate.m in Sources */ = {isa = PBXBuildFile; fileRef = 68A4F64D1978E73F00F2D280 /* AppDelegate.m */; };
		68A4F6501978E73F00F2D280 /* Images.xcassets in Resources */ = {isa = PBXBuildFile; fileRef = 68A4F64F1978E73F00F2D280 /* Images.xcassets */; };
		68A4F6571978E73F00F2D280 /* XCTest.framework in Frameworks */ = {isa = PBXBuildFile; fileRef = 68A4F6561978E73F00F2D280 /* XCTest.framework */; };
		68A4F6581978E73F00F2D280 /* Foundation.framework in Frameworks */ = {isa = PBXBuildFile; fileRef = 68A4F63D1978E73F00F2D280 /* Foundation.framework */; };
		68A4F6591978E73F00F2D280 /* UIKit.framework in Frameworks */ = {isa = PBXBuildFile; fileRef = 68A4F6411978E73F00F2D280 /* UIKit.framework */; };
		68A4F6611978E73F00F2D280 /* InfoPlist.strings in Resources */ = {isa = PBXBuildFile; fileRef = 68A4F65F1978E73F00F2D280 /* InfoPlist.strings */; };
		68A4F6631978E73F00F2D280 /* SearchDisplay_ControllerTests.m in Sources */ = {isa = PBXBuildFile; fileRef = 68A4F6621978E73F00F2D280 /* SearchDisplay_ControllerTests.m */; };
/* End PBXBuildFile section */

/* Begin PBXContainerItemProxy section */
		68A4F65A1978E73F00F2D280 /* PBXContainerItemProxy */ = {
			isa = PBXContainerItemProxy;
			containerPortal = 68A4F6321978E73F00F2D280 /* Project object */;
			proxyType = 1;
			remoteGlobalIDString = 68A4F6391978E73F00F2D280;
			remoteInfo = "SearchDisplay Controller";
		};
/* End PBXContainerItemProxy section */

/* Begin PBXFileReference section */
		68A4F63A1978E73F00F2D280 /* SearchDisplay Controller.app */ = {isa = PBXFileReference; explicitFileType = wrapper.application; includeInIndex = 0; path = "SearchDisplay Controller.app"; sourceTree = BUILT_PRODUCTS_DIR; };
		68A4F63D1978E73F00F2D280 /* Foundation.framework */ = {isa = PBXFileReference; lastKnownFileType = wrapper.framework; name = Foundation.framework; path = System/Library/Frameworks/Foundation.framework; sourceTree = SDKROOT; };
		68A4F63F1978E73F00F2D280 /* CoreGraphics.framework */ = {isa = PBXFileReference; lastKnownFileType = wrapper.framework; name = CoreGraphics.framework; path = System/Library/Frameworks/CoreGraphics.framework; sourceTree = SDKROOT; };
		68A4F6411978E73F00F2D280 /* UIKit.framework */ = {isa = PBXFileReference; lastKnownFileType = wrapper.framework; name = UIKit.framework; path = System/Library/Frameworks/UIKit.framework; sourceTree = SDKROOT; };
		68A4F6451978E73F00F2D280 /* SearchDisplay Controller-Info.plist */ = {isa = PBXFileReference; lastKnownFileType = text.plist.xml; path = "SearchDisplay Controller-Info.plist"; sourceTree = "<group>"; };
		68A4F6471978E73F00F2D280 /* en */ = {isa = PBXFileReference; lastKnownFileType = text.plist.strings; name = en; path = en.lproj/InfoPlist.strings; sourceTree = "<group>"; };
		68A4F6491978E73F00F2D280 /* main.m */ = {isa = PBXFileReference; lastKnownFileType = sourcecode.c.objc; path = main.m; sourceTree = "<group>"; };
		68A4F64B1978E73F00F2D280 /* SearchDisplay Controller-Prefix.pch */ = {isa = PBXFileReference; lastKnownFileType = sourcecode.c.h; path = "SearchDisplay Controller-Prefix.pch"; sourceTree = "<group>"; };
		68A4F64C1978E73F00F2D280 /* AppDelegate.h */ = {isa = PBXFileReference; lastKnownFileType = sourcecode.c.h; path = AppDelegate.h; sourceTree = "<group>"; };
		68A4F64D1978E73F00F2D280 /* AppDelegate.m */ = {isa = PBXFileReference; lastKnownFileType = sourcecode.c.objc; path = AppDelegate.m; sourceTree = "<group>"; };
		68A4F64F1978E73F00F2D280 /* Images.xcassets */ = {isa = PBXFileReference; lastKnownFileType = folder.assetcatalog; path = Images.xcassets; sourceTree = "<group>"; };
		68A4F6551978E73F00F2D280 /* SearchDisplay ControllerTests.xctest */ = {isa = PBXFileReference; explicitFileType = wrapper.cfbundle; includeInIndex = 0; path = "SearchDisplay ControllerTests.xctest"; sourceTree = BUILT_PRODUCTS_DIR; };
		68A4F6561978E73F00F2D280 /* XCTest.framework */ = {isa = PBXFileReference; lastKnownFileType = wrapper.framework; name = XCTest.framework; path = Library/Frameworks/XCTest.framework; sourceTree = DEVELOPER_DIR; };
		68A4F65E1978E73F00F2D280 /* SearchDisplay ControllerTests-Info.plist */ = {isa = PBXFileReference; lastKnownFileType = text.plist.xml; path = "SearchDisplay ControllerTests-Info.plist"; sourceTree = "<group>"; };
		68A4F6601978E73F00F2D280 /* en */ = {isa = PBXFileReference; lastKnownFileType = text.plist.strings; name = en; path = en.lproj/InfoPlist.strings; sourceTree = "<group>"; };
		68A4F6621978E73F00F2D280 /* SearchDisplay_ControllerTests.m */ = {isa = PBXFileReference; lastKnownFileType = sourcecode.c.objc; path = SearchDisplay_ControllerTests.m; sourceTree = "<group>"; };
/* End PBXFileReference section */

/* Begin PBXFrameworksBuildPhase section */
		68A4F6371978E73F00F2D280 /* Frameworks */ = {
			isa = PBXFrameworksBuildPhase;
			buildActionMask = 2147483647;
			files = (
				68A4F6401978E73F00F2D280 /* CoreGraphics.framework in Frameworks */,
				68A4F6421978E73F00F2D280 /* UIKit.framework in Frameworks */,
				68A4F63E1978E73F00F2D280 /* Foundation.framework in Frameworks */,
			);
			runOnlyForDeploymentPostprocessing = 0;
		};
		68A4F6521978E73F00F2D280 /* Frameworks */ = {
			isa = PBXFrameworksBuildPhase;
			buildActionMask = 2147483647;
			files = (
				68A4F6571978E73F00F2D280 /* XCTest.framework in Frameworks */,
				68A4F6591978E73F00F2D280 /* UIKit.framework in Frameworks */,
				68A4F6581978E73F00F2D280 /* Foundation.framework in Frameworks */,
			);
			runOnlyForDeploymentPostprocessing = 0;
		};
/* End PBXFrameworksBuildPhase section */

/* Begin PBXGroup section */
		68A4F6311978E73F00F2D280 = {
			isa = PBXGroup;
			children = (
				68A4F6431978E73F00F2D280 /* SearchDisplay Controller */,
				68A4F65C1978E73F00F2D280 /* SearchDisplay ControllerTests */,
				68A4F63C1978E73F00F2D280 /* Frameworks */,
				68A4F63B1978E73F00F2D280 /* Products */,
			);
			sourceTree = "<group>";
		};
		68A4F63B1978E73F00F2D280 /* Products */ = {
			isa = PBXGroup;
			children = (
				68A4F63A1978E73F00F2D280 /* SearchDisplay Controller.app */,
				68A4F6551978E73F00F2D280 /* SearchDisplay ControllerTests.xctest */,
			);
			name = Products;
			sourceTree = "<group>";
		};
		68A4F63C1978E73F00F2D280 /* Frameworks */ = {
			isa = PBXGroup;
			children = (
				68A4F63D1978E73F00F2D280 /* Foundation.framework */,
				68A4F63F1978E73F00F2D280 /* CoreGraphics.framework */,
				68A4F6411978E73F00F2D280 /* UIKit.framework */,
				68A4F6561978E73F00F2D280 /* XCTest.framework */,
			);
			name = Frameworks;
			sourceTree = "<group>";
		};
		68A4F6431978E73F00F2D280 /* SearchDisplay Controller */ = {
			isa = PBXGroup;
			children = (
				68A4F64C1978E73F00F2D280 /* AppDelegate.h */,
				68A4F64D1978E73F00F2D280 /* AppDelegate.m */,
				68A4F64F1978E73F00F2D280 /* Images.xcassets */,
				68A4F6441978E73F00F2D280 /* Supporting Files */,
			);
			path = "SearchDisplay Controller";
			sourceTree = "<group>";
		};
		68A4F6441978E73F00F2D280 /* Supporting Files */ = {
			isa = PBXGroup;
			children = (
				68A4F6451978E73F00F2D280 /* SearchDisplay Controller-Info.plist */,
				68A4F6461978E73F00F2D280 /* InfoPlist.strings */,
				68A4F6491978E73F00F2D280 /* main.m */,
				68A4F64B1978E73F00F2D280 /* SearchDisplay Controller-Prefix.pch */,
			);
			name = "Supporting Files";
			sourceTree = "<group>";
		};
		68A4F65C1978E73F00F2D280 /* SearchDisplay ControllerTests */ = {
			isa = PBXGroup;
			children = (
				68A4F6621978E73F00F2D280 /* SearchDisplay_ControllerTests.m */,
				68A4F65D1978E73F00F2D280 /* Supporting Files */,
			);
			path = "SearchDisplay ControllerTests";
			sourceTree = "<group>";
		};
		68A4F65D1978E73F00F2D280 /* Supporting Files */ = {
			isa = PBXGroup;
			children = (
				68A4F65E1978E73F00F2D280 /* SearchDisplay ControllerTests-Info.plist */,
				68A4F65F1978E73F00F2D280 /* InfoPlist.strings */,
			);
			name = "Supporting Files";
			sourceTree = "<group>";
		};
/* End PBXGroup section */

/* Begin PBXNativeTarget section */
		68A4F6391978E73F00F2D280 /* SearchDisplay Controller */ = {
			isa = PBXNativeTarget;
			buildConfigurationList = 68A4F6661978E73F00F2D280 /* Build configuration list for PBXNativeTarget "SearchDisplay Controller" */;
			buildPhases = (
				68A4F6361978E73F00F2D280 /* Sources */,
				68A4F6371978E73F00F2D280 /* Frameworks */,
				68A4F6381978E73F00F2D280 /* Resources */,
			);
			buildRules = (
			);
			dependencies = (
			);
			name = "SearchDisplay Controller";
			productName = "SearchDisplay Controller";
			productReference = 68A4F63A1978E73F00F2D280 /* SearchDisplay Controller.app */;
			productType = "com.apple.product-type.application";
		};
		68A4F6541978E73F00F2D280 /* SearchDisplay ControllerTests */ = {
			isa = PBXNativeTarget;
			buildConfigurationList = 68A4F6691978E73F00F2D280 /* Build configuration list for PBXNativeTarget "SearchDisplay ControllerTests" */;
			buildPhases = (
				68A4F6511978E73F00F2D280 /* Sources */,
				68A4F6521978E73F00F2D280 /* Frameworks */,
				68A4F6531978E73F00F2D280 /* Resources */,
			);
			buildRules = (
			);
			dependencies = (
				68A4F65B1978E73F00F2D280 /* PBXTargetDependency */,
			);
			name = "SearchDisplay ControllerTests";
			productName = "SearchDisplay ControllerTests";
			productReference = 68A4F6551978E73F00F2D280 /* SearchDisplay ControllerTests.xctest */;
			productType = "com.apple.product-type.bundle.unit-test";
		};
/* End PBXNativeTarget section */

/* Begin PBXProject section */
		68A4F6321978E73F00F2D280 /* Project object */ = {
			isa = PBXProject;
			attributes = {
				LastUpgradeCheck = 0510;
				ORGANIZATIONNAME = "Kalpit Gajera";
				TargetAttributes = {
					68A4F6541978E73F00F2D280 = {
						TestTargetID = 68A4F6391978E73F00F2D280;
					};
				};
			};
			buildConfigurationList = 68A4F6351978E73F00F2D280 /* Build configuration list for PBXProject "SearchDisplay Controller" */;
			compatibilityVersion = "Xcode 3.2";
			developmentRegion = English;
			hasScannedForEncodings = 0;
			knownRegions = (
				en,
			);
			mainGroup = 68A4F6311978E73F00F2D280;
			productRefGroup = 68A4F63B1978E73F00F2D280 /* Products */;
			projectDirPath = "";
			projectRoot = "";
			targets = (
				68A4F6391978E73F00F2D280 /* SearchDisplay Controller */,
				68A4F6541978E73F00F2D280 /* SearchDisplay ControllerTests */,
			);
		};
/* End PBXProject section */

/* Begin PBXResourcesBuildPhase section */
		68A4F6381978E73F00F2D280 /* Resources */ = {
			isa = PBXResourcesBuildPhase;
			buildActionMask = 2147483647;
			files = (
				68A4F6481978E73F00F2D280 /* InfoPlist.strings in Resources */,
				68A4F6501978E73F00F2D280 /* Images.xcassets in Resources */,
			);
			runOnlyForDeploymentPostprocessing = 0;
		};
		68A4F6531978E73F00F2D280 /* Resources */ = {
			isa = PBXResourcesBuildPhase;
			buildActionMask = 2147483647;
			files = (
				68A4F6611978E73F00F2D280 /* InfoPlist.strings in Resources */,
			);
			runOnlyForDeploymentPostprocessing = 0;
		};
/* End PBXResourcesBuildPhase section */

/* Begin PBXSourcesBuildPhase section */
		68A4F6361978E73F00F2D280 /* Sources */ = {
			isa = PBXSourcesBuildPhase;
			buildActionMask = 2147483647;
			files = (
				68A4F64E1978E73F00F2D280 /* AppDelegate.m in Sources */,
				68A4F64A1978E73F00F2D280 /* main.m in Sources */,
			);
			runOnlyForDeploymentPostprocessing = 0;
		};
		68A4F6511978E73F00F2D280 /* Sources */ = {
			isa = PBXSourcesBuildPhase;
			buildActionMask = 2147483647;
			files = (
				68A4F6631978E73F00F2D280 /* SearchDisplay_ControllerTests.m in Sources */,
			);
			runOnlyForDeploymentPostprocessing = 0;
		};
/* End PBXSourcesBuildPhase section */

/* Begin PBXTargetDependency section */
		68A4F65B1978E73F00F2D280 /* PBXTargetDependency */ = {
			isa = PBXTargetDependency;
			target = 68A4F6391978E73F00F2D280 /* SearchDisplay Controller */;
			targetProxy = 68A4F65A1978E73F00F2D280 /* PBXContainerItemProxy */;
		};
/* End PBXTargetDependency section */

/* Begin PBXVariantGroup section */
		68A4F6461978E73F00F2D280 /* InfoPlist.strings */ = {
			isa = PBXVariantGroup;
			children = (
				68A4F6471978E73F00F2D280 /* en */,
			);
			name = InfoPlist.strings;
			sourceTree = "<group>";
		};
		68A4F65F1978E73F00F2D280 /* InfoPlist.strings */ = {
			isa = PBXVariantGroup;
			children = (
				68A4F6601978E73F00F2D280 /* en */,
			);
			name = InfoPlist.strings;
			sourceTree = "<group>";
		};
/* End PBXVariantGroup section */

/* Begin XCBuildConfiguration section */
		68A4F6641978E73F00F2D280 /* Debug */ = {
			isa = XCBuildConfiguration;
			buildSettings = {
				ALWAYS_SEARCH_USER_PATHS = NO;
				CLANG_CXX_LANGUAGE_STANDARD = "gnu++0x";
				CLANG_CXX_LIBRARY = "libc++";
				CLANG_ENABLE_MODULES = YES;
				CLANG_ENABLE_OBJC_ARC = YES;
				CLANG_WARN_BOOL_CONVERSION = YES;
				CLANG_WARN_CONSTANT_CONVERSION = YES;
				CLANG_WARN_DIRECT_OBJC_ISA_USAGE = YES_ERROR;
				CLANG_WARN_EMPTY_BODY = YES;
				CLANG_WARN_ENUM_CONVERSION = YES;
				CLANG_WARN_INT_CONVERSION = YES;
				CLANG_WARN_OBJC_ROOT_CLASS = YES_ERROR;
				CLANG_WARN__DUPLICATE_METHOD_MATCH = YES;
				"CODE_SIGN_IDENTITY[sdk=iphoneos*]" = "iPhone Developer";
				COPY_PHASE_STRIP = NO;
				GCC_C_LANGUAGE_STANDARD = gnu99;
				GCC_DYNAMIC_NO_PIC = NO;
				GCC_OPTIMIZATION_LEVEL = 0;
				GCC_PREPROCESSOR_DEFINITIONS = (
					"DEBUG=1",
					"$(inherited)",
				);
				GCC_SYMBOLS_PRIVATE_EXTERN = NO;
				GCC_WARN_64_TO_32_BIT_CONVERSION = YES;
				GCC_WARN_ABOUT_RETURN_TYPE = YES_ERROR;
				GCC_WARN_UNDECLARED_SELECTOR = YES;
				GCC_WARN_UNINITIALIZED_AUTOS = YES_AGGRESSIVE;
				GCC_WARN_UNUSED_FUNCTION = YES;
				GCC_WARN_UNUSED_VARIABLE = YES;
				IPHONEOS_DEPLOYMENT_TARGET = 7.1;
				ONLY_ACTIVE_ARCH = YES;
				SDKROOT = iphoneos;
				TARGETED_DEVICE_FAMILY = "1,2";
			};
			name = Debug;
		};
		68A4F6651978E73F00F2D280 /* Release */ = {
			isa = XCBuildConfiguration;
			buildSettings = {
				ALWAYS_SEARCH_USER_PATHS = NO;
				CLANG_CXX_LANGUAGE_STANDARD = "gnu++0x";
				CLANG_CXX_LIBRARY = "libc++";
				CLANG_ENABLE_MODULES = YES;
				CLANG_ENABLE_OBJC_ARC = YES;
				CLANG_WARN_BOOL_CONVERSION = YES;
				CLANG_WARN_CONSTANT_CONVERSION = YES;
				CLANG_WARN_DIRECT_OBJC_ISA_USAGE = YES_ERROR;
				CLANG_WARN_EMPTY_BODY = YES;
				CLANG_WARN_ENUM_CONVERSION = YES;
				CLANG_WARN_INT_CONVERSION = YES;
				CLANG_WARN_OBJC_ROOT_CLASS = YES_ERROR;
				CLANG_WARN__DUPLICATE_METHOD_MATCH = YES;
				"CODE_SIGN_IDENTITY[sdk=iphoneos*]" = "iPhone Developer";
				COPY_PHASE_STRIP = YES;
				ENABLE_NS_ASSERTIONS = NO;
				GCC_C_LANGUAGE_STANDARD = gnu99;
				GCC_WARN_64_TO_32_BIT_CONVERSION = YES;
				GCC_WARN_ABOUT_RETURN_TYPE = YES_ERROR;
				GCC_WARN_UNDECLARED_SELECTOR = YES;
				GCC_WARN_UNINITIALIZED_AUTOS = YES_AGGRESSIVE;
				GCC_WARN_UNUSED_FUNCTION = YES;
				GCC_WARN_UNUSED_VARIABLE = YES;
				IPHONEOS_DEPLOYMENT_TARGET = 7.1;
				SDKROOT = iphoneos;
				TARGETED_DEVICE_FAMILY = "1,2";
				VALIDATE_PRODUCT = YES;
			};
			name = Release;
		};
		68A4F6671978E73F00F2D280 /* Debug */ = {
			isa = XCBuildConfiguration;
			buildSettings = {
				ASSETCATALOG_COMPILER_APPICON_NAME = AppIcon;
				ASSETCATALOG_COMPILER_LAUNCHIMAGE_NAME = LaunchImage;
				GCC_PRECOMPILE_PREFIX_HEADER = YES;
				GCC_PREFIX_HEADER = "SearchDisplay Controller/SearchDisplay Controller-Prefix.pch";
				INFOPLIST_FILE = "SearchDisplay Controller/SearchDisplay Controller-Info.plist";
				PRODUCT_NAME = "$(TARGET_NAME)";
				WRAPPER_EXTENSION = app;
			};
			name = Debug;
		};
		68A4F6681978E73F00F2D280 /* Release */ = {
			isa = XCBuildConfiguration;
			buildSettings = {
				ASSETCATALOG_COMPILER_APPICON_NAME = AppIcon;
				ASSETCATALOG_COMPILER_LAUNCHIMAGE_NAME = LaunchImage;
				GCC_PRECOMPILE_PREFIX_HEADER = YES;
				GCC_PREFIX_HEADER = "SearchDisplay Controller/SearchDisplay Controller-Prefix.pch";
				INFOPLIST_FILE = "SearchDisplay Controller/SearchDisplay Controller-Info.plist";
				PRODUCT_NAME = "$(TARGET_NAME)";
				WRAPPER_EXTENSION = app;
			};
			name = Release;
		};
		68A4F66A1978E73F00F2D280 /* Debug */ = {
			isa = XCBuildConfiguration;
			buildSettings = {
				BUNDLE_LOADER = "$(BUILT_PRODUCTS_DIR)/SearchDisplay Controller.app/SearchDisplay Controller";
				FRAMEWORK_SEARCH_PATHS = (
					"$(SDKROOT)/Developer/Library/Frameworks",
					"$(inherited)",
					"$(DEVELOPER_FRAMEWORKS_DIR)",
				);
				GCC_PRECOMPILE_PREFIX_HEADER = YES;
				GCC_PREFIX_HEADER = "SearchDisplay Controller/SearchDisplay Controller-Prefix.pch";
				GCC_PREPROCESSOR_DEFINITIONS = (
					"DEBUG=1",
					"$(inherited)",
				);
				INFOPLIST_FILE = "SearchDisplay ControllerTests/SearchDisplay ControllerTests-Info.plist";
				PRODUCT_NAME = "$(TARGET_NAME)";
				TEST_HOST = "$(BUNDLE_LOADER)";
				WRAPPER_EXTENSION = xctest;
			};
			name = Debug;
		};
		68A4F66B1978E73F00F2D280 /* Release */ = {
			isa = XCBuildConfiguration;
			buildSettings = {
				BUNDLE_LOADER = "$(BUILT_PRODUCTS_DIR)/SearchDisplay Controller.app/SearchDisplay Controller";
				FRAMEWORK_SEARCH_PATHS = (
					"$(SDKROOT)/Developer/Library/Frameworks",
					"$(inherited)",
					"$(DEVELOPER_FRAMEWORKS_DIR)",
				);
				GCC_PRECOMPILE_PREFIX_HEADER = YES;
				GCC_PREFIX_HEADER = "SearchDisplay Controller/SearchDisplay Controller-Prefix.pch";
				INFOPLIST_FILE = "SearchDisplay ControllerTests/SearchDisplay ControllerTests-Info.plist";
				PRODUCT_NAME = "$(TARGET_NAME)";
				TEST_HOST = "$(BUNDLE_LOADER)";
				WRAPPER_EXTENSION = xctest;
			};
			name = Release;
		};
/* End XCBuildConfiguration section */

/* Begin XCConfigurationList section */
		68A4F6351978E73F00F2D280 /* Build configuration list for PBXProject "SearchDisplay Controller" */ = {
			isa = XCConfigurationList;
			buildConfigurations = (
				68A4F6641978E73F00F2D280 /* Debug */,
				68A4F6651978E73F00F2D280 /* Release */,
			);
			defaultConfigurationIsVisible = 0;
			defaultConfigurationName = Release;
		};
		68A4F6661978E73F00F2D280 /* Build configuration list for PBXNativeTarget "SearchDisplay Controller" */ = {
			isa = XCConfigurationList;
			buildConfigurations = (
				68A4F6671978E73F00F2D280 /* Debug */,
				68A4F6681978E73F00F2D280 /* Release */,
			);
			defaultConfigurationIsVisible = 0;
		};
		68A4F6691978E73F00F2D280 /* Build configuration list for PBXNativeTarget "SearchDisplay ControllerTests" */ = {
			isa = XCConfigurationList;
			buildConfigurations = (
				68A4F66A1978E73F00F2D280 /* Debug */,
				68A4F66B1978E73F00F2D280 /* Release */,
			);
			defaultConfigurationIsVisible = 0;
		};
/* End XCConfigurationList section */
	};
	rootObject = 68A4F6321978E73F00F2D280 /* Project object */;
}
